
Microsoft Visual Studio Solution File, Format Version 12.00
# Visual Studio Version 16
VisualStudioVersion = 16.0.30804.86
MinimumVisualStudioVersion = 10.0.40219.1
Project("{9A19103F-16F7-4668-BE54-9A1E7A4F7556}") = "ToshiCoin", "ToshkoCoin\ToshiCoin.csproj", "{9AA41EA1-25B7-4752-B2FD-299FB8D3CD59}"
EndProject
Project("{9A19103F-16F7-4668-BE54-9A1E7A4F7556}") = "Blockchain", "Blockchain\Blockchain.csproj", "{4E614506-FA1C-4A3A-A65A-A9A0C2A47E6C}"
EndProject
Project("{FAE04EC0-301F-11D3-BF4B-00C04F79EFBC}") = "P2PServer", "P2PServer\P2PServer.csproj", "{BCAB4C95-9ED6-4306-88C3-4B73DC561A07}"
EndProject
Global
	GlobalSection(SolutionConfigurationPlatforms) = preSolution
		Debug|Any CPU = Debug|Any CPU
		Release|Any CPU = Release|Any CPU
	EndGlobalSection
	GlobalSection(ProjectConfigurationPlatforms) = postSolution
		{9AA41EA1-25B7-4752-B2FD-299FB8D3CD59}.Debug|Any CPU.ActiveCfg = Debug|Any CPU
		{9AA41EA1-25B7-4752-B2FD-299FB8D3CD59}.Debug|Any CPU.Build.0 = Debug|Any CPU
		{9AA41EA1-25B7-4752-B2FD-299FB8D3CD59}.Release|Any CPU.ActiveCfg = Release|Any CPU
		{9AA41EA1-25B7-4752-B2FD-299FB8D3CD59}.Release|Any CPU.Build.0 = Release|Any CPU
		{4E614506-FA1C-4A3A-A65A-A9A0C2A47E6C}.Debug|Any CPU.ActiveCfg = Debug|Any CPU
		{4E614506-FA1C-4A3A-A65A-A9A0C2A47E6C}.Debug|Any CPU.Build.0 = Debug|Any CPU
		{4E614506-FA1C-4A3A-A65A-A9A0C2A47E6C}.Release|Any CPU.ActiveCfg = Release|Any CPU
		{4E614506-FA1C-4A3A-A65A-A9A0C2A47E6C}.Release|Any CPU.Build.0 = Release|Any CPU
		{BCAB4C95-9ED6-4306-88C3-4B73DC561A07}.Debug|Any CPU.ActiveCfg = Debug|Any CPU
		{BCAB4C95-9ED6-4306-88C3-4B73DC561A07}.Debug|Any CPU.Build.0 = Debug|Any CPU
		{BCAB4C95-9ED6-4306-88C3-4B73DC561A07}.Release|Any CPU.ActiveCfg = Release|Any CPU
		{BCAB4C95-9ED6-4306-88C3-4B73DC561A07}.Release|Any CPU.Build.0 = Release|Any CPU
	EndGlobalSection
	GlobalSection(SolutionProperties) = preSolution
		HideSolutionNode = FALSE
	EndGlobalSection
	GlobalSection(ExtensibilityGlobals) = postSolution
		SolutionGuid = {EF295891-165B-4A35-AF96-87D39EAA737F}
	EndGlobalSection
EndGlobal
